
Microsoft Visual Studio Solution File, Format Version 12.00
# Visual Studio Version 16
VisualStudioVersion = 16.0.29827.131
MinimumVisualStudioVersion = 10.0.40219.1
Project("{9A19103F-16F7-4668-BE54-9A1E7A4F7556}") = "MusicLibrary", "MusicLibrary\MusicLibrary.csproj", "{3DA8F159-29F8-4CF2-B75C-C1EBFE49864E}"
EndProject
Project("{9A19103F-16F7-4668-BE54-9A1E7A4F7556}") = "MusicLibrary.DAL", "MusicLibrary.DAL\MusicLibrary.DAL.csproj", "{3B982C4D-025A-4DCF-A218-F85BF02543C0}"
EndProject
Project("{FAE04EC0-301F-11D3-BF4B-00C04F79EFBC}") = "MusicLibrary.Business", "MusicLibrary.Business\MusicLibrary.Business.csproj", "{763D6051-DDFA-45C6-9B25-20AA1529F928}"
EndProject
Global
	GlobalSection(SolutionConfigurationPlatforms) = preSolution
		Debug|Any CPU = Debug|Any CPU
		Release|Any CPU = Release|Any CPU
	EndGlobalSection
	GlobalSection(ProjectConfigurationPlatforms) = postSolution
		{3DA8F159-29F8-4CF2-B75C-C1EBFE49864E}.Debug|Any CPU.ActiveCfg = Debug|Any CPU
		{3DA8F159-29F8-4CF2-B75C-C1EBFE49864E}.Debug|Any CPU.Build.0 = Debug|Any CPU
		{3DA8F159-29F8-4CF2-B75C-C1EBFE49864E}.Release|Any CPU.ActiveCfg = Release|Any CPU
		{3DA8F159-29F8-4CF2-B75C-C1EBFE49864E}.Release|Any CPU.Build.0 = Release|Any CPU
		{3B982C4D-025A-4DCF-A218-F85BF02543C0}.Debug|Any CPU.ActiveCfg = Debug|Any CPU
		{3B982C4D-025A-4DCF-A218-F85BF02543C0}.Debug|Any CPU.Build.0 = Debug|Any CPU
		{3B982C4D-025A-4DCF-A218-F85BF02543C0}.Release|Any CPU.ActiveCfg = Release|Any CPU
		{3B982C4D-025A-4DCF-A218-F85BF02543C0}.Release|Any CPU.Build.0 = Release|Any CPU
		{763D6051-DDFA-45C6-9B25-20AA1529F928}.Debug|Any CPU.ActiveCfg = Debug|Any CPU
		{763D6051-DDFA-45C6-9B25-20AA1529F928}.Debug|Any CPU.Build.0 = Debug|Any CPU
		{763D6051-DDFA-45C6-9B25-20AA1529F928}.Release|Any CPU.ActiveCfg = Release|Any CPU
		{763D6051-DDFA-45C6-9B25-20AA1529F928}.Release|Any CPU.Build.0 = Release|Any CPU
	EndGlobalSection
	GlobalSection(SolutionProperties) = preSolution
		HideSolutionNode = FALSE
	EndGlobalSection
	GlobalSection(ExtensibilityGlobals) = postSolution
		SolutionGuid = {0204F255-7566-43A8-90E7-57C2EF9D9D0A}
	EndGlobalSection
EndGlobal
